github.com/gorilla/mux v1.8.0 h1:i40aqfkR1h2SlN9hojwV5ZA91wcXFOvkdNIeFDP5koI=
github.com/gorilla/mux v1.8.0/go.mod h1:DVbg23sWSpFRCP0SfiEN6jmj59UnW/n46BH5rLB71So=
github.com/plus3it/gorecurcopy v0.0.1 h1:H7AgvM0N/uIo7o1PQRlewEGQ92BNr7DqbPy5lnR3uJI=
github.com/plus3it/gorecurcopy v0.0.1/go.mod h1:NvVTm4RX68A1vQbHmHunDO4OtBLVroT6CrsiqAzNyJA=
