github.com/gorilla/mux v1.8.0 h1:i40aqfkR1h2SlN9hojwV5ZA91wcXFOvkdNIeFDP5koI=
github.com/gorilla/mux v1.8.0/go.mod h1:DVbg23sWSpFRCP0SfiEN6jmj59UnW/n46BH5rLB71So=
github.com/otiai10/copy v1.4.2 h1:RTiz2sol3eoXPLF4o+YWqEybwfUa/Q2Nkc4ZIUs3fwI=
github.com/otiai10/copy v1.4.2/go.mod h1:XWfuS3CrI0R6IE0FbgHsEazaXO8G0LpMp9o8tos0x4E=
github.com/otiai10/curr v0.0.0-20150429015615-9b4961190c95/go.mod h1:9qAhocn7zKJG+0mI8eUu6xqkFDYS2kb2saOteoSB3cE=
github.com/otiai10/curr v1.0.0/go.mod h1:LskTG5wDwr8Rs+nNQ+1LlxRjAtTZZjtJW4rMXl6j4vs=
github.com/otiai10/mint v1.3.0/go.mod h1:F5AjcsTsWUqX+Na9fpHb52P8pcRX2CI6A3ctIT91xUo=
github.com/otiai10/mint v1.3.2/go.mod h1:/yxELlJQ0ufhjUwhshSj+wFjZ78CnZ48/1wtmBH1OTc=
github.com/plus3it/gorecurcopy v0.0.1 h1:H7AgvM0N/uIo7o1PQRlewEGQ92BNr7DqbPy5lnR3uJI=
github.com/plus3it/gorecurcopy v0.0.1/go.mod h1:NvVTm4RX68A1vQbHmHunDO4OtBLVroT6CrsiqAzNyJA=
